
Microsoft Visual Studio Solution File, Format Version 12.00
# Visual Studio Version 17
VisualStudioVersion = 17.1.32228.430
MinimumVisualStudioVersion = 10.0.40219.1
Project("{FAE04EC0-301F-11D3-BF4B-00C04F79EFBC}") = "HG-Finance", "HG-Finance.csproj", "{311F0C81-0B9B-4E01-A53C-BA0DC6856AD9}"
EndProject
Project("{FAE04EC0-301F-11D3-BF4B-00C04F79EFBC}") = "ConsoleApp1", "..\ConsoleApp1\ConsoleApp1.csproj", "{8E1CD2EA-4EED-4EE1-A8F8-570AAD51B611}"
EndProject
Global
	GlobalSection(SolutionConfigurationPlatforms) = preSolution
		Debug|Any CPU = Debug|Any CPU
		Release|Any CPU = Release|Any CPU
	EndGlobalSection
	GlobalSection(ProjectConfigurationPlatforms) = postSolution
		{311F0C81-0B9B-4E01-A53C-BA0DC6856AD9}.Debug|Any CPU.ActiveCfg = Debug|Any CPU
		{311F0C81-0B9B-4E01-A53C-BA0DC6856AD9}.Debug|Any CPU.Build.0 = Debug|Any CPU
		{311F0C81-0B9B-4E01-A53C-BA0DC6856AD9}.Release|Any CPU.ActiveCfg = Release|Any CPU
		{311F0C81-0B9B-4E01-A53C-BA0DC6856AD9}.Release|Any CPU.Build.0 = Release|Any CPU
		{8E1CD2EA-4EED-4EE1-A8F8-570AAD51B611}.Debug|Any CPU.ActiveCfg = Debug|Any CPU
		{8E1CD2EA-4EED-4EE1-A8F8-570AAD51B611}.Debug|Any CPU.Build.0 = Debug|Any CPU
		{8E1CD2EA-4EED-4EE1-A8F8-570AAD51B611}.Release|Any CPU.ActiveCfg = Release|Any CPU
		{8E1CD2EA-4EED-4EE1-A8F8-570AAD51B611}.Release|Any CPU.Build.0 = Release|Any CPU
	EndGlobalSection
	GlobalSection(SolutionProperties) = preSolution
		HideSolutionNode = FALSE
	EndGlobalSection
	GlobalSection(ExtensibilityGlobals) = postSolution
		SolutionGuid = {7C6EE639-2BCF-402D-9CDD-8B84F2B4B514}
	EndGlobalSection
EndGlobal
