
Microsoft Visual Studio Solution File, Format Version 12.00
# Visual Studio Version 17
VisualStudioVersion = 17.2.32505.173
MinimumVisualStudioVersion = 10.0.40219.1
Project("{FAE04EC0-301F-11D3-BF4B-00C04F79EFBC}") = "HG-Finance", "HG-Finance\HG-Finance.csproj", "{4F4B2388-71EE-4547-83D4-65E354F2B0E3}"
EndProject
Project("{FAE04EC0-301F-11D3-BF4B-00C04F79EFBC}") = "HG-Finance-Examples", "HG-Finance-Examples\HG-Finance-Examples.csproj", "{FE4DB095-E930-429A-B7A4-042F69875BEB}"
EndProject
Global
	GlobalSection(SolutionConfigurationPlatforms) = preSolution
		Debug|Any CPU = Debug|Any CPU
		Release|Any CPU = Release|Any CPU
	EndGlobalSection
	GlobalSection(ProjectConfigurationPlatforms) = postSolution
		{4F4B2388-71EE-4547-83D4-65E354F2B0E3}.Debug|Any CPU.ActiveCfg = Debug|Any CPU
		{4F4B2388-71EE-4547-83D4-65E354F2B0E3}.Debug|Any CPU.Build.0 = Debug|Any CPU
		{4F4B2388-71EE-4547-83D4-65E354F2B0E3}.Release|Any CPU.ActiveCfg = Release|Any CPU
		{4F4B2388-71EE-4547-83D4-65E354F2B0E3}.Release|Any CPU.Build.0 = Release|Any CPU
		{FE4DB095-E930-429A-B7A4-042F69875BEB}.Debug|Any CPU.ActiveCfg = Debug|Any CPU
		{FE4DB095-E930-429A-B7A4-042F69875BEB}.Debug|Any CPU.Build.0 = Debug|Any CPU
		{FE4DB095-E930-429A-B7A4-042F69875BEB}.Release|Any CPU.ActiveCfg = Release|Any CPU
		{FE4DB095-E930-429A-B7A4-042F69875BEB}.Release|Any CPU.Build.0 = Release|Any CPU
	EndGlobalSection
	GlobalSection(SolutionProperties) = preSolution
		HideSolutionNode = FALSE
	EndGlobalSection
	GlobalSection(ExtensibilityGlobals) = postSolution
		SolutionGuid = {547633B7-1F65-4CD4-9A90-02F4AF84E654}
	EndGlobalSection
EndGlobal
